// !$*UTF8*$!
{
	archiveVersion = 1;
	classes = {
	};
	objectVersion = 50;
	objects = {

/* Begin PBXBuildFile section */
		09B3C27B208193EE0023F0CF /* AppDelegate.swift in Sources */ = {isa = PBXBuildFile; fileRef = 09B3C27A208193EE0023F0CF /* AppDelegate.swift */; };
		09B3C280208193EE0023F0CF /* Main.storyboard in Resources */ = {isa = PBXBuildFile; fileRef = 09B3C27E208193EE0023F0CF /* Main.storyboard */; };
		09B3C283208193EE0023F0CF /* Conversion_Calculator.xcdatamodeld in Sources */ = {isa = PBXBuildFile; fileRef = 09B3C281208193EE0023F0CF /* Conversion_Calculator.xcdatamodeld */; };
		09B3C285208193EF0023F0CF /* Assets.xcassets in Resources */ = {isa = PBXBuildFile; fileRef = 09B3C284208193EF0023F0CF /* Assets.xcassets */; };
		09B3C288208193EF0023F0CF /* LaunchScreen.storyboard in Resources */ = {isa = PBXBuildFile; fileRef = 09B3C286208193EF0023F0CF /* LaunchScreen.storyboard */; };
		09B3C293208193EF0023F0CF /* Conversion_CalculatorTests.swift in Sources */ = {isa = PBXBuildFile; fileRef = 09B3C292208193EF0023F0CF /* Conversion_CalculatorTests.swift */; };
		09B3C29E208193F00023F0CF /* Conversion_CalculatorUITests.swift in Sources */ = {isa = PBXBuildFile; fileRef = 09B3C29D208193F00023F0CF /* Conversion_CalculatorUITests.swift */; };
		09B3C2AC208194FF0023F0CF /* ConverterController.swift in Sources */ = {isa = PBXBuildFile; fileRef = 09B3C2AB208194FF0023F0CF /* ConverterController.swift */; };
/* End PBXBuildFile section */

/* Begin PBXContainerItemProxy section */
		09B3C28F208193EF0023F0CF /* PBXContainerItemProxy */ = {
			isa = PBXContainerItemProxy;
			containerPortal = 09B3C26F208193EE0023F0CF /* Project object */;
			proxyType = 1;
			remoteGlobalIDString = 09B3C276208193EE0023F0CF;
			remoteInfo = "Conversion Calculator";
		};
		09B3C29A208193F00023F0CF /* PBXContainerItemProxy */ = {
			isa = PBXContainerItemProxy;
			containerPortal = 09B3C26F208193EE0023F0CF /* Project object */;
			proxyType = 1;
			remoteGlobalIDString = 09B3C276208193EE0023F0CF;
			remoteInfo = "Conversion Calculator";
		};
/* End PBXContainerItemProxy section */

/* Begin PBXFileReference section */
		09B3C277208193EE0023F0CF /* Conversion Calculator.app */ = {isa = PBXFileReference; explicitFileType = wrapper.application; includeInIndex = 0; path = "Conversion Calculator.app"; sourceTree = BUILT_PRODUCTS_DIR; };
		09B3C27A208193EE0023F0CF /* AppDelegate.swift */ = {isa = PBXFileReference; lastKnownFileType = sourcecode.swift; path = AppDelegate.swift; sourceTree = "<group>"; };
		09B3C27F208193EE0023F0CF /* Base */ = {isa = PBXFileReference; lastKnownFileType = file.storyboard; name = Base; path = Base.lproj/Main.storyboard; sourceTree = "<group>"; };
		09B3C282208193EE0023F0CF /* Conversion_Calculator.xcdatamodel */ = {isa = PBXFileReference; lastKnownFileType = wrapper.xcdatamodel; path = Conversion_Calculator.xcdatamodel; sourceTree = "<group>"; };
		09B3C284208193EF0023F0CF /* Assets.xcassets */ = {isa = PBXFileReference; lastKnownFileType = folder.assetcatalog; path = Assets.xcassets; sourceTree = "<group>"; };
		09B3C287208193EF0023F0CF /* Base */ = {isa = PBXFileReference; lastKnownFileType = file.storyboard; name = Base; path = Base.lproj/LaunchScreen.storyboard; sourceTree = "<group>"; };
		09B3C289208193EF0023F0CF /* Info.plist */ = {isa = PBXFileReference; lastKnownFileType = text.plist.xml; path = Info.plist; sourceTree = "<group>"; };
		09B3C28E208193EF0023F0CF /* Conversion CalculatorTests.xctest */ = {isa = PBXFileReference; explicitFileType = wrapper.cfbundle; includeInIndex = 0; path = "Conversion CalculatorTests.xctest"; sourceTree = BUILT_PRODUCTS_DIR; };
		09B3C292208193EF0023F0CF /* Conversion_CalculatorTests.swift */ = {isa = PBXFileReference; lastKnownFileType = sourcecode.swift; path = Conversion_CalculatorTests.swift; sourceTree = "<group>"; };
		09B3C294208193EF0023F0CF /* Info.plist */ = {isa = PBXFileReference; lastKnownFileType = text.plist.xml; path = Info.plist; sourceTree = "<group>"; };
		09B3C299208193F00023F0CF /* Conversion CalculatorUITests.xctest */ = {isa = PBXFileReference; explicitFileType = wrapper.cfbundle; includeInIndex = 0; path = "Conversion CalculatorUITests.xctest"; sourceTree = BUILT_PRODUCTS_DIR; };
		09B3C29D208193F00023F0CF /* Conversion_CalculatorUITests.swift */ = {isa = PBXFileReference; lastKnownFileType = sourcecode.swift; path = Conversion_CalculatorUITests.swift; sourceTree = "<group>"; };
		09B3C29F208193F00023F0CF /* Info.plist */ = {isa = PBXFileReference; lastKnownFileType = text.plist.xml; path = Info.plist; sourceTree = "<group>"; };
		09B3C2AB208194FF0023F0CF /* ConverterController.swift */ = {isa = PBXFileReference; lastKnownFileType = sourcecode.swift; path = ConverterController.swift; sourceTree = "<group>"; };
/* End PBXFileReference section */

/* Begin PBXFrameworksBuildPhase section */
		09B3C274208193EE0023F0CF /* Frameworks */ = {
			isa = PBXFrameworksBuildPhase;
			buildActionMask = 2147483647;
			files = (
			);
			runOnlyForDeploymentPostprocessing = 0;
		};
		09B3C28B208193EF0023F0CF /* Frameworks */ = {
			isa = PBXFrameworksBuildPhase;
			buildActionMask = 2147483647;
			files = (
			);
			runOnlyForDeploymentPostprocessing = 0;
		};
		09B3C296208193F00023F0CF /* Frameworks */ = {
			isa = PBXFrameworksBuildPhase;
			buildActionMask = 2147483647;
			files = (
			);
			runOnlyForDeploymentPostprocessing = 0;
		};
/* End PBXFrameworksBuildPhase section */

/* Begin PBXGroup section */
		09B3C26E208193EE0023F0CF = {
			isa = PBXGroup;
			children = (
				09B3C279208193EE0023F0CF /* Conversion Calculator */,
				09B3C291208193EF0023F0CF /* Conversion CalculatorTests */,
				09B3C29C208193F00023F0CF /* Conversion CalculatorUITests */,
				09B3C278208193EE0023F0CF /* Products */,
			);
			sourceTree = "<group>";
		};
		09B3C278208193EE0023F0CF /* Products */ = {
			isa = PBXGroup;
			children = (
				09B3C277208193EE0023F0CF /* Conversion Calculator.app */,
				09B3C28E208193EF0023F0CF /* Conversion CalculatorTests.xctest */,
				09B3C299208193F00023F0CF /* Conversion CalculatorUITests.xctest */,
			);
			name = Products;
			sourceTree = "<group>";
		};
		09B3C279208193EE0023F0CF /* Conversion Calculator */ = {
			isa = PBXGroup;
			children = (
				09B3C27A208193EE0023F0CF /* AppDelegate.swift */,
				09B3C27E208193EE0023F0CF /* Main.storyboard */,
				09B3C2AB208194FF0023F0CF /* ConverterController.swift */,
				09B3C284208193EF0023F0CF /* Assets.xcassets */,
				09B3C286208193EF0023F0CF /* LaunchScreen.storyboard */,
				09B3C289208193EF0023F0CF /* Info.plist */,
				09B3C281208193EE0023F0CF /* Conversion_Calculator.xcdatamodeld */,
			);
			path = "Conversion Calculator";
			sourceTree = "<group>";
		};
		09B3C291208193EF0023F0CF /* Conversion CalculatorTests */ = {
			isa = PBXGroup;
			children = (
				09B3C292208193EF0023F0CF /* Conversion_CalculatorTests.swift */,
				09B3C294208193EF0023F0CF /* Info.plist */,
			);
			path = "Conversion CalculatorTests";
			sourceTree = "<group>";
		};
		09B3C29C208193F00023F0CF /* Conversion CalculatorUITests */ = {
			isa = PBXGroup;
			children = (
				09B3C29D208193F00023F0CF /* Conversion_CalculatorUITests.swift */,
				09B3C29F208193F00023F0CF /* Info.plist */,
			);
			path = "Conversion CalculatorUITests";
			sourceTree = "<group>";
		};
/* End PBXGroup section */

/* Begin PBXNativeTarget section */
		09B3C276208193EE0023F0CF /* Conversion Calculator */ = {
			isa = PBXNativeTarget;
			buildConfigurationList = 09B3C2A2208193F00023F0CF /* Build configuration list for PBXNativeTarget "Conversion Calculator" */;
			buildPhases = (
				09B3C273208193EE0023F0CF /* Sources */,
				09B3C274208193EE0023F0CF /* Frameworks */,
				09B3C275208193EE0023F0CF /* Resources */,
			);
			buildRules = (
			);
			dependencies = (
			);
			name = "Conversion Calculator";
			productName = "Conversion Calculator";
			productReference = 09B3C277208193EE0023F0CF /* Conversion Calculator.app */;
			productType = "com.apple.product-type.application";
		};
		09B3C28D208193EF0023F0CF /* Conversion CalculatorTests */ = {
			isa = PBXNativeTarget;
			buildConfigurationList = 09B3C2A5208193F00023F0CF /* Build configuration list for PBXNativeTarget "Conversion CalculatorTests" */;
			buildPhases = (
				09B3C28A208193EF0023F0CF /* Sources */,
				09B3C28B208193EF0023F0CF /* Frameworks */,
				09B3C28C208193EF0023F0CF /* Resources */,
			);
			buildRules = (
			);
			dependencies = (
				09B3C290208193EF0023F0CF /* PBXTargetDependency */,
			);
			name = "Conversion CalculatorTests";
			productName = "Conversion CalculatorTests";
			productReference = 09B3C28E208193EF0023F0CF /* Conversion CalculatorTests.xctest */;
			productType = "com.apple.product-type.bundle.unit-test";
		};
		09B3C298208193F00023F0CF /* Conversion CalculatorUITests */ = {
			isa = PBXNativeTarget;
			buildConfigurationList = 09B3C2A8208193F00023F0CF /* Build configuration list for PBXNativeTarget "Conversion CalculatorUITests" */;
			buildPhases = (
				09B3C295208193F00023F0CF /* Sources */,
				09B3C296208193F00023F0CF /* Frameworks */,
				09B3C297208193F00023F0CF /* Resources */,
			);
			buildRules = (
			);
			dependencies = (
				09B3C29B208193F00023F0CF /* PBXTargetDependency */,
			);
			name = "Conversion CalculatorUITests";
			productName = "Conversion CalculatorUITests";
			productReference = 09B3C299208193F00023F0CF /* Conversion CalculatorUITests.xctest */;
			productType = "com.apple.product-type.bundle.ui-testing";
		};
/* End PBXNativeTarget section */

/* Begin PBXProject section */
		09B3C26F208193EE0023F0CF /* Project object */ = {
			isa = PBXProject;
			attributes = {
				LastSwiftUpdateCheck = 0930;
				LastUpgradeCheck = 0930;
				ORGANIZATIONNAME = "Thoma-Perry, Adam";
				TargetAttributes = {
					09B3C276208193EE0023F0CF = {
						CreatedOnToolsVersion = 9.3;
					};
					09B3C28D208193EF0023F0CF = {
						CreatedOnToolsVersion = 9.3;
						TestTargetID = 09B3C276208193EE0023F0CF;
					};
					09B3C298208193F00023F0CF = {
						CreatedOnToolsVersion = 9.3;
						TestTargetID = 09B3C276208193EE0023F0CF;
					};
				};
			};
			buildConfigurationList = 09B3C272208193EE0023F0CF /* Build configuration list for PBXProject "Conversion Calculator" */;
			compatibilityVersion = "Xcode 9.3";
			developmentRegion = en;
			hasScannedForEncodings = 0;
			knownRegions = (
				en,
				Base,
			);
			mainGroup = 09B3C26E208193EE0023F0CF;
			productRefGroup = 09B3C278208193EE0023F0CF /* Products */;
			projectDirPath = "";
			projectRoot = "";
			targets = (
				09B3C276208193EE0023F0CF /* Conversion Calculator */,
				09B3C28D208193EF0023F0CF /* Conversion CalculatorTests */,
				09B3C298208193F00023F0CF /* Conversion CalculatorUITests */,
			);
		};
/* End PBXProject section */

/* Begin PBXResourcesBuildPhase section */
		09B3C275208193EE0023F0CF /* Resources */ = {
			isa = PBXResourcesBuildPhase;
			buildActionMask = 2147483647;
			files = (
				09B3C288208193EF0023F0CF /* LaunchScreen.storyboard in Resources */,
				09B3C285208193EF0023F0CF /* Assets.xcassets in Resources */,
				09B3C280208193EE0023F0CF /* Main.storyboard in Resources */,
			);
			runOnlyForDeploymentPostprocessing = 0;
		};
		09B3C28C208193EF0023F0CF /* Resources */ = {
			isa = PBXResourcesBuildPhase;
			buildActionMask = 2147483647;
			files = (
			);
			runOnlyForDeploymentPostprocessing = 0;
		};
		09B3C297208193F00023F0CF /* Resources */ = {
			isa = PBXResourcesBuildPhase;
			buildActionMask = 2147483647;
			files = (
			);
			runOnlyForDeploymentPostprocessing = 0;
		};
/* End PBXResourcesBuildPhase section */

/* Begin PBXSourcesBuildPhase section */
		09B3C273208193EE0023F0CF /* Sources */ = {
			isa = PBXSourcesBuildPhase;
			buildActionMask = 2147483647;
			files = (
				09B3C283208193EE0023F0CF /* Conversion_Calculator.xcdatamodeld in Sources */,
				09B3C2AC208194FF0023F0CF /* ConverterController.swift in Sources */,
				09B3C27B208193EE0023F0CF /* AppDelegate.swift in Sources */,
			);
			runOnlyForDeploymentPostprocessing = 0;
		};
		09B3C28A208193EF0023F0CF /* Sources */ = {
			isa = PBXSourcesBuildPhase;
			buildActionMask = 2147483647;
			files = (
				09B3C293208193EF0023F0CF /* Conversion_CalculatorTests.swift in Sources */,
			);
			runOnlyForDeploymentPostprocessing = 0;
		};
		09B3C295208193F00023F0CF /* Sources */ = {
			isa = PBXSourcesBuildPhase;
			buildActionMask = 2147483647;
			files = (
				09B3C29E208193F00023F0CF /* Conversion_CalculatorUITests.swift in Sources */,
			);
			runOnlyForDeploymentPostprocessing = 0;
		};
/* End PBXSourcesBuildPhase section */

/* Begin PBXTargetDependency section */
		09B3C290208193EF0023F0CF /* PBXTargetDependency */ = {
			isa = PBXTargetDependency;
			target = 09B3C276208193EE0023F0CF /* Conversion Calculator */;
			targetProxy = 09B3C28F208193EF0023F0CF /* PBXContainerItemProxy */;
		};
		09B3C29B208193F00023F0CF /* PBXTargetDependency */ = {
			isa = PBXTargetDependency;
			target = 09B3C276208193EE0023F0CF /* Conversion Calculator */;
			targetProxy = 09B3C29A208193F00023F0CF /* PBXContainerItemProxy */;
		};
/* End PBXTargetDependency section */

/* Begin PBXVariantGroup section */
		09B3C27E208193EE0023F0CF /* Main.storyboard */ = {
			isa = PBXVariantGroup;
			children = (
				09B3C27F208193EE0023F0CF /* Base */,
			);
			name = Main.storyboard;
			sourceTree = "<group>";
		};
		09B3C286208193EF0023F0CF /* LaunchScreen.storyboard */ = {
			isa = PBXVariantGroup;
			children = (
				09B3C287208193EF0023F0CF /* Base */,
			);
			name = LaunchScreen.storyboard;
			sourceTree = "<group>";
		};
/* End PBXVariantGroup section */

/* Begin XCBuildConfiguration section */
		09B3C2A0208193F00023F0CF /* Debug */ = {
			isa = XCBuildConfiguration;
			buildSettings = {
				ALWAYS_SEARCH_USER_PATHS = NO;
				CLANG_ANALYZER_NONNULL = YES;
				CLANG_ANALYZER_NUMBER_OBJECT_CONVERSION = YES_AGGRESSIVE;
				CLANG_CXX_LANGUAGE_STANDARD = "gnu++14";
				CLANG_CXX_LIBRARY = "libc++";
				CLANG_ENABLE_MODULES = YES;
				CLANG_ENABLE_OBJC_ARC = YES;
				CLANG_ENABLE_OBJC_WEAK = YES;
				CLANG_WARN_BLOCK_CAPTURE_AUTORELEASING = YES;
				CLANG_WARN_BOOL_CONVERSION = YES;
				CLANG_WARN_COMMA = YES;
				CLANG_WARN_CONSTANT_CONVERSION = YES;
				CLANG_WARN_DEPRECATED_OBJC_IMPLEMENTATIONS = YES;
				CLANG_WARN_DIRECT_OBJC_ISA_USAGE = YES_ERROR;
				CLANG_WARN_DOCUMENTATION_COMMENTS = YES;
				CLANG_WARN_EMPTY_BODY = YES;
				CLANG_WARN_ENUM_CONVERSION = YES;
				CLANG_WARN_INFINITE_RECURSION = YES;
				CLANG_WARN_INT_CONVERSION = YES;
				CLANG_WARN_NON_LITERAL_NULL_CONVERSION = YES;
				CLANG_WARN_OBJC_IMPLICIT_RETAIN_SELF = YES;
				CLANG_WARN_OBJC_LITERAL_CONVERSION = YES;
				CLANG_WARN_OBJC_ROOT_CLASS = YES_ERROR;
				CLANG_WARN_RANGE_LOOP_ANALYSIS = YES;
				CLANG_WARN_STRICT_PROTOTYPES = YES;
				CLANG_WARN_SUSPICIOUS_MOVE = YES;
				CLANG_WARN_UNGUARDED_AVAILABILITY = YES_AGGRESSIVE;
				CLANG_WARN_UNREACHABLE_CODE = YES;
				CLANG_WARN__DUPLICATE_METHOD_MATCH = YES;
				CODE_SIGN_IDENTITY = "iPhone Developer";
				COPY_PHASE_STRIP = NO;
				DEBUG_INFORMATION_FORMAT = dwarf;
				ENABLE_STRICT_OBJC_MSGSEND = YES;
				ENABLE_TESTABILITY = YES;
				GCC_C_LANGUAGE_STANDARD = gnu11;
				GCC_DYNAMIC_NO_PIC = NO;
				GCC_NO_COMMON_BLOCKS = YES;
				GCC_OPTIMIZATION_LEVEL = 0;
				GCC_PREPROCESSOR_DEFINITIONS = (
					"DEBUG=1",
					"$(inherited)",
				);
				GCC_WARN_64_TO_32_BIT_CONVERSION = YES;
				GCC_WARN_ABOUT_RETURN_TYPE = YES_ERROR;
				GCC_WARN_UNDECLARED_SELECTOR = YES;
				GCC_WARN_UNINITIALIZED_AUTOS = YES_AGGRESSIVE;
				GCC_WARN_UNUSED_FUNCTION = YES;
				GCC_WARN_UNUSED_VARIABLE = YES;
				IPHONEOS_DEPLOYMENT_TARGET = 11.3;
				MTL_ENABLE_DEBUG_INFO = YES;
				ONLY_ACTIVE_ARCH = YES;
				SDKROOT = iphoneos;
				SWIFT_ACTIVE_COMPILATION_CONDITIONS = DEBUG;
				SWIFT_OPTIMIZATION_LEVEL = "-Onone";
			};
			name = Debug;
		};
		09B3C2A1208193F00023F0CF /* Release */ = {
			isa = XCBuildConfiguration;
			buildSettings = {
				ALWAYS_SEARCH_USER_PATHS = NO;
				CLANG_ANALYZER_NONNULL = YES;
				CLANG_ANALYZER_NUMBER_OBJECT_CONVERSION = YES_AGGRESSIVE;
				CLANG_CXX_LANGUAGE_STANDARD = "gnu++14";
				CLANG_CXX_LIBRARY = "libc++";
				CLANG_ENABLE_MODULES = YES;
				CLANG_ENABLE_OBJC_ARC = YES;
				CLANG_ENABLE_OBJC_WEAK = YES;
				CLANG_WARN_BLOCK_CAPTURE_AUTORELEASING = YES;
				CLANG_WARN_BOOL_CONVERSION = YES;
				CLANG_WARN_COMMA = YES;
				CLANG_WARN_CONSTANT_CONVERSION = YES;
				CLANG_WARN_DEPRECATED_OBJC_IMPLEMENTATIONS = YES;
				CLANG_WARN_DIRECT_OBJC_ISA_USAGE = YES_ERROR;
				CLANG_WARN_DOCUMENTATION_COMMENTS = YES;
				CLANG_WARN_EMPTY_BODY = YES;
				CLANG_WARN_ENUM_CONVERSION = YES;
				CLANG_WARN_INFINITE_RECURSION = YES;
				CLANG_WARN_INT_CONVERSION = YES;
				CLANG_WARN_NON_LITERAL_NULL_CONVERSION = YES;
				CLANG_WARN_OBJC_IMPLICIT_RETAIN_SELF = YES;
				CLANG_WARN_OBJC_LITERAL_CONVERSION = YES;
				CLANG_WARN_OBJC_ROOT_CLASS = YES_ERROR;
				CLANG_WARN_RANGE_LOOP_ANALYSIS = YES;
				CLANG_WARN_STRICT_PROTOTYPES = YES;
				CLANG_WARN_SUSPICIOUS_MOVE = YES;
				CLANG_WARN_UNGUARDED_AVAILABILITY = YES_AGGRESSIVE;
				CLANG_WARN_UNREACHABLE_CODE = YES;
				CLANG_WARN__DUPLICATE_METHOD_MATCH = YES;
				CODE_SIGN_IDENTITY = "iPhone Developer";
				COPY_PHASE_STRIP = NO;
				DEBUG_INFORMATION_FORMAT = "dwarf-with-dsym";
				ENABLE_NS_ASSERTIONS = NO;
				ENABLE_STRICT_OBJC_MSGSEND = YES;
				GCC_C_LANGUAGE_STANDARD = gnu11;
				GCC_NO_COMMON_BLOCKS = YES;
				GCC_WARN_64_TO_32_BIT_CONVERSION = YES;
				GCC_WARN_ABOUT_RETURN_TYPE = YES_ERROR;
				GCC_WARN_UNDECLARED_SELECTOR = YES;
				GCC_WARN_UNINITIALIZED_AUTOS = YES_AGGRESSIVE;
				GCC_WARN_UNUSED_FUNCTION = YES;
				GCC_WARN_UNUSED_VARIABLE = YES;
				IPHONEOS_DEPLOYMENT_TARGET = 11.3;
				MTL_ENABLE_DEBUG_INFO = NO;
				SDKROOT = iphoneos;
				SWIFT_COMPILATION_MODE = wholemodule;
				SWIFT_OPTIMIZATION_LEVEL = "-O";
				VALIDATE_PRODUCT = YES;
			};
			name = Release;
		};
		09B3C2A3208193F00023F0CF /* Debug */ = {
			isa = XCBuildConfiguration;
			buildSettings = {
				ASSETCATALOG_COMPILER_APPICON_NAME = AppIcon;
				CODE_SIGN_STYLE = Automatic;
				INFOPLIST_FILE = "Conversion Calculator/Info.plist";
				LD_RUNPATH_SEARCH_PATHS = (
					"$(inherited)",
					"@executable_path/Frameworks",
				);
				PRODUCT_BUNDLE_IDENTIFIER = "edu.missouri.Conversion-Calculator";
				PRODUCT_NAME = "$(TARGET_NAME)";
				SWIFT_VERSION = 4.0;
				TARGETED_DEVICE_FAMILY = "1,2";
			};
			name = Debug;
		};
		09B3C2A4208193F00023F0CF /* Release */ = {
			isa = XCBuildConfiguration;
			buildSettings = {
				ASSETCATALOG_COMPILER_APPICON_NAME = AppIcon;
				CODE_SIGN_STYLE = Automatic;
				INFOPLIST_FILE = "Conversion Calculator/Info.plist";
				LD_RUNPATH_SEARCH_PATHS = (
					"$(inherited)",
					"@executable_path/Frameworks",
				);
				PRODUCT_BUNDLE_IDENTIFIER = "edu.missouri.Conversion-Calculator";
				PRODUCT_NAME = "$(TARGET_NAME)";
				SWIFT_VERSION = 4.0;
				TARGETED_DEVICE_FAMILY = "1,2";
			};
			name = Release;
		};
		09B3C2A6208193F00023F0CF /* Debug */ = {
			isa = XCBuildConfiguration;
			buildSettings = {
				ALWAYS_EMBED_SWIFT_STANDARD_LIBRARIES = YES;
				BUNDLE_LOADER = "$(TEST_HOST)";
				CODE_SIGN_STYLE = Automatic;
				INFOPLIST_FILE = "Conversion CalculatorTests/Info.plist";
				LD_RUNPATH_SEARCH_PATHS = (
					"$(inherited)",
					"@executable_path/Frameworks",
					"@loader_path/Frameworks",
				);
				PRODUCT_BUNDLE_IDENTIFIER = "edu.missouri.Conversion-CalculatorTests";
				PRODUCT_NAME = "$(TARGET_NAME)";
				SWIFT_VERSION = 4.0;
				TARGETED_DEVICE_FAMILY = "1,2";
				TEST_HOST = "$(BUILT_PRODUCTS_DIR)/Conversion Calculator.app/Conversion Calculator";
			};
			name = Debug;
		};
		09B3C2A7208193F00023F0CF /* Release */ = {
			isa = XCBuildConfiguration;
			buildSettings = {
				ALWAYS_EMBED_SWIFT_STANDARD_LIBRARIES = YES;
				BUNDLE_LOADER = "$(TEST_HOST)";
				CODE_SIGN_STYLE = Automatic;
				INFOPLIST_FILE = "Conversion CalculatorTests/Info.plist";
				LD_RUNPATH_SEARCH_PATHS = (
					"$(inherited)",
					"@executable_path/Frameworks",
					"@loader_path/Frameworks",
				);
				PRODUCT_BUNDLE_IDENTIFIER = "edu.missouri.Conversion-CalculatorTests";
				PRODUCT_NAME = "$(TARGET_NAME)";
				SWIFT_VERSION = 4.0;
				TARGETED_DEVICE_FAMILY = "1,2";
				TEST_HOST = "$(BUILT_PRODUCTS_DIR)/Conversion Calculator.app/Conversion Calculator";
			};
			name = Release;
		};
		09B3C2A9208193F00023F0CF /* Debug */ = {
			isa = XCBuildConfiguration;
			buildSettings = {
				ALWAYS_EMBED_SWIFT_STANDARD_LIBRARIES = YES;
				CODE_SIGN_STYLE = Automatic;
				INFOPLIST_FILE = "Conversion CalculatorUITests/Info.plist";
				LD_RUNPATH_SEARCH_PATHS = (
					"$(inherited)",
					"@executable_path/Frameworks",
					"@loader_path/Frameworks",
				);
				PRODUCT_BUNDLE_IDENTIFIER = "edu.missouri.Conversion-CalculatorUITests";
				PRODUCT_NAME = "$(TARGET_NAME)";
				SWIFT_VERSION = 4.0;
				TARGETED_DEVICE_FAMILY = "1,2";
				TEST_TARGET_NAME = "Conversion Calculator";
			};
			name = Debug;
		};
		09B3C2AA208193F00023F0CF /* Release */ = {
			isa = XCBuildConfiguration;
			buildSettings = {
				ALWAYS_EMBED_SWIFT_STANDARD_LIBRARIES = YES;
				CODE_SIGN_STYLE = Automatic;
				INFOPLIST_FILE = "Conversion CalculatorUITests/Info.plist";
				LD_RUNPATH_SEARCH_PATHS = (
					"$(inherited)",
					"@executable_path/Frameworks",
					"@loader_path/Frameworks",
				);
				PRODUCT_BUNDLE_IDENTIFIER = "edu.missouri.Conversion-CalculatorUITests";
				PRODUCT_NAME = "$(TARGET_NAME)";
				SWIFT_VERSION = 4.0;
				TARGETED_DEVICE_FAMILY = "1,2";
				TEST_TARGET_NAME = "Conversion Calculator";
			};
			name = Release;
		};
/* End XCBuildConfiguration section */

/* Begin XCConfigurationList section */
		09B3C272208193EE0023F0CF /* Build configuration list for PBXProject "Conversion Calculator" */ = {
			isa = XCConfigurationList;
			buildConfigurations = (
				09B3C2A0208193F00023F0CF /* Debug */,
				09B3C2A1208193F00023F0CF /* Release */,
			);
			defaultConfigurationIsVisible = 0;
			defaultConfigurationName = Release;
		};
		09B3C2A2208193F00023F0CF /* Build configuration list for PBXNativeTarget "Conversion Calculator" */ = {
			isa = XCConfigurationList;
			buildConfigurations = (
				09B3C2A3208193F00023F0CF /* Debug */,
				09B3C2A4208193F00023F0CF /* Release */,
			);
			defaultConfigurationIsVisible = 0;
			defaultConfigurationName = Release;
		};
		09B3C2A5208193F00023F0CF /* Build configuration list for PBXNativeTarget "Conversion CalculatorTests" */ = {
			isa = XCConfigurationList;
			buildConfigurations = (
				09B3C2A6208193F00023F0CF /* Debug */,
				09B3C2A7208193F00023F0CF /* Release */,
			);
			defaultConfigurationIsVisible = 0;
			defaultConfigurationName = Release;
		};
		09B3C2A8208193F00023F0CF /* Build configuration list for PBXNativeTarget "Conversion CalculatorUITests" */ = {
			isa = XCConfigurationList;
			buildConfigurations = (
				09B3C2A9208193F00023F0CF /* Debug */,
				09B3C2AA208193F00023F0CF /* Release */,
			);
			defaultConfigurationIsVisible = 0;
			defaultConfigurationName = Release;
		};
/* End XCConfigurationList section */

/* Begin XCVersionGroup section */
		09B3C281208193EE0023F0CF /* Conversion_Calculator.xcdatamodeld */ = {
			isa = XCVersionGroup;
			children = (
				09B3C282208193EE0023F0CF /* Conversion_Calculator.xcdatamodel */,
			);
			currentVersion = 09B3C282208193EE0023F0CF /* Conversion_Calculator.xcdatamodel */;
			path = Conversion_Calculator.xcdatamodeld;
			sourceTree = "<group>";
			versionGroupType = wrapper.xcdatamodel;
		};
/* End XCVersionGroup section */
	};
	rootObject = 09B3C26F208193EE0023F0CF /* Project object */;
}
